{
  "nodes": {
    "nixpkgs": {
      "locked": {
        "lastModified": 1734649271,
        "narHash": "sha256-4EVBRhOjMDuGtMaofAIqzJbg4Ql7Ai0PSeuVZTHjyKQ=",
        "owner": "NixOS",
        "repo": "nixpkgs",
        "rev": "d70bd19e0a38ad4790d3913bf08fcbfc9eeca507",
        "type": "github"
      },
      "original": {
        "owner": "NixOS",
        "ref": "nixos-unstable",
        "repo": "nixpkgs",
        "type": "github"
      }
    },
    "root": {
      "inputs": {
        "nixpkgs": "nixpkgs",
        "sway-pkgs": "sway-pkgs"
      }
    },
    "sway-pkgs": {
      "locked": {
        "lastModified": 1734835170,
        "narHash": "sha256-JG6n9tQET7ZLjvwjH9BdYE6pES/Alcduxv2FDXliuBM=",
        "owner": "NixOS",
        "repo": "nixpkgs",
        "rev": "6df924734e1b626efd70925545de844b1c25246f",
        "type": "github"
      },
      "original": {
        "owner": "NixOS",
        "ref": "nixos-24.05",
        "repo": "nixpkgs",
        "type": "github"
      }
    }
  },
  "root": "root",
  "version": 7
}
